
Microsoft Visual Studio Solution File, Format Version 12.00
# Visual Studio Version 16
VisualStudioVersion = 16.0.29509.3
MinimumVisualStudioVersion = 10.0.40219.1
Project("{FAE04EC0-301F-11D3-BF4B-00C04F79EFBC}") = "ChatBotElasticAPI", "ChatBotElasticAPI\ChatBotElasticAPI.csproj", "{5B1E2CB8-409E-4548-8497-AD78FD5D2278}"
EndProject
Global
	GlobalSection(SolutionConfigurationPlatforms) = preSolution
		Debug|Any CPU = Debug|Any CPU
		Release|Any CPU = Release|Any CPU
	EndGlobalSection
	GlobalSection(ProjectConfigurationPlatforms) = postSolution
		{5B1E2CB8-409E-4548-8497-AD78FD5D2278}.Debug|Any CPU.ActiveCfg = Debug|Any CPU
		{5B1E2CB8-409E-4548-8497-AD78FD5D2278}.Debug|Any CPU.Build.0 = Debug|Any CPU
		{5B1E2CB8-409E-4548-8497-AD78FD5D2278}.Release|Any CPU.ActiveCfg = Release|Any CPU
		{5B1E2CB8-409E-4548-8497-AD78FD5D2278}.Release|Any CPU.Build.0 = Release|Any CPU
	EndGlobalSection
	GlobalSection(SolutionProperties) = preSolution
		HideSolutionNode = FALSE
	EndGlobalSection
	GlobalSection(ExtensibilityGlobals) = postSolution
		SolutionGuid = {51EEA7BB-E57D-4135-8CC8-0E40C8538A45}
	EndGlobalSection
EndGlobal
